
Microsoft Visual Studio Solution File, Format Version 12.00
# Visual Studio Version 17
VisualStudioVersion = 17.9.34616.47
MinimumVisualStudioVersion = 10.0.40219.1
Project("{FAE04EC0-301F-11D3-BF4B-00C04F79EFBC}") = "OnlineLaboratory", "OnlineLaboratory\OnlineLaboratory.csproj", "{B4B66DCC-3033-467B-83C2-31D9FF25B46A}"
EndProject
Global
	GlobalSection(SolutionConfigurationPlatforms) = preSolution
		Debug|Any CPU = Debug|Any CPU
		Release|Any CPU = Release|Any CPU
	EndGlobalSection
	GlobalSection(ProjectConfigurationPlatforms) = postSolution
		{B4B66DCC-3033-467B-83C2-31D9FF25B46A}.Debug|Any CPU.ActiveCfg = Debug|Any CPU
		{B4B66DCC-3033-467B-83C2-31D9FF25B46A}.Debug|Any CPU.Build.0 = Debug|Any CPU
		{B4B66DCC-3033-467B-83C2-31D9FF25B46A}.Release|Any CPU.ActiveCfg = Release|Any CPU
		{B4B66DCC-3033-467B-83C2-31D9FF25B46A}.Release|Any CPU.Build.0 = Release|Any CPU
	EndGlobalSection
	GlobalSection(SolutionProperties) = preSolution
		HideSolutionNode = FALSE
	EndGlobalSection
	GlobalSection(ExtensibilityGlobals) = postSolution
		SolutionGuid = {92815B87-27C5-4989-930E-DB4B1754E46F}
	EndGlobalSection
EndGlobal
