
Microsoft Visual Studio Solution File, Format Version 12.00
# Visual Studio Version 17
VisualStudioVersion = 17.9.34616.47
MinimumVisualStudioVersion = 10.0.40219.1
Project("{FAE04EC0-301F-11D3-BF4B-00C04F79EFBC}") = "OnlineLaboratory", "OnlineLaboratory\OnlineLaboratory.csproj", "{B4B66DCC-3033-467B-83C2-31D9FF25B46A}"
EndProject
Project("{FAE04EC0-301F-11D3-BF4B-00C04F79EFBC}") = "OnlineLaboratory.Core", "OnlineLaboratory.Core\OnlineLaboratory.Core.csproj", "{A31C8D2C-181A-410A-87CC-00E77889E81F}"
EndProject
Project("{FAE04EC0-301F-11D3-BF4B-00C04F79EFBC}") = "OnlineLaboratory.Infrastructure", "OnlineLaboratory.Infrastructure\OnlineLaboratory.Infrastructure.csproj", "{BE28CA87-5E02-4662-9AE1-AB82AA76BF36}"
EndProject
Global
	GlobalSection(SolutionConfigurationPlatforms) = preSolution
		Debug|Any CPU = Debug|Any CPU
		Release|Any CPU = Release|Any CPU
	EndGlobalSection
	GlobalSection(ProjectConfigurationPlatforms) = postSolution
		{B4B66DCC-3033-467B-83C2-31D9FF25B46A}.Debug|Any CPU.ActiveCfg = Debug|Any CPU
		{B4B66DCC-3033-467B-83C2-31D9FF25B46A}.Debug|Any CPU.Build.0 = Debug|Any CPU
		{B4B66DCC-3033-467B-83C2-31D9FF25B46A}.Release|Any CPU.ActiveCfg = Release|Any CPU
		{B4B66DCC-3033-467B-83C2-31D9FF25B46A}.Release|Any CPU.Build.0 = Release|Any CPU
		{A31C8D2C-181A-410A-87CC-00E77889E81F}.Debug|Any CPU.ActiveCfg = Debug|Any CPU
		{A31C8D2C-181A-410A-87CC-00E77889E81F}.Debug|Any CPU.Build.0 = Debug|Any CPU
		{A31C8D2C-181A-410A-87CC-00E77889E81F}.Release|Any CPU.ActiveCfg = Release|Any CPU
		{A31C8D2C-181A-410A-87CC-00E77889E81F}.Release|Any CPU.Build.0 = Release|Any CPU
		{BE28CA87-5E02-4662-9AE1-AB82AA76BF36}.Debug|Any CPU.ActiveCfg = Debug|Any CPU
		{BE28CA87-5E02-4662-9AE1-AB82AA76BF36}.Debug|Any CPU.Build.0 = Debug|Any CPU
		{BE28CA87-5E02-4662-9AE1-AB82AA76BF36}.Release|Any CPU.ActiveCfg = Release|Any CPU
		{BE28CA87-5E02-4662-9AE1-AB82AA76BF36}.Release|Any CPU.Build.0 = Release|Any CPU
	EndGlobalSection
	GlobalSection(SolutionProperties) = preSolution
		HideSolutionNode = FALSE
	EndGlobalSection
	GlobalSection(ExtensibilityGlobals) = postSolution
		SolutionGuid = {92815B87-27C5-4989-930E-DB4B1754E46F}
	EndGlobalSection
EndGlobal
